// !$*UTF8*$!
{
	archiveVersion = 1;
	classes = {
	};
	objectVersion = 56;
	objects = {

/* Begin PBXBuildFile section */
		D43BE41A2BF1537200C1105E /* ritrokApp.swift in Sources */ = {isa = PBXBuildFile; fileRef = D43BE4192BF1537200C1105E /* ritrokApp.swift */; };
		D43BE41C2BF1537200C1105E /* ContentView.swift in Sources */ = {isa = PBXBuildFile; fileRef = D43BE41B2BF1537200C1105E /* ContentView.swift */; };
		D43BE41E2BF1537300C1105E /* Assets.xcassets in Resources */ = {isa = PBXBuildFile; fileRef = D43BE41D2BF1537300C1105E /* Assets.xcassets */; };
		D43BE4212BF1537300C1105E /* Preview Assets.xcassets in Resources */ = {isa = PBXBuildFile; fileRef = D43BE4202BF1537300C1105E /* Preview Assets.xcassets */; };
		D43BE4342BF19F9C00C1105E /* IMGLYUI in Frameworks */ = {isa = PBXBuildFile; productRef = D43BE4332BF19F9C00C1105E /* IMGLYUI */; };
		D4C9A0F12C6A793F00464ADC /* IMGLYAssets.bundle in Resources */ = {isa = PBXBuildFile; fileRef = D4C9A0F02C6A793F00464ADC /* IMGLYAssets.bundle */; };
		D4C9A0F32C6A7BB400464ADC /* dog_water.mov in Resources */ = {isa = PBXBuildFile; fileRef = D4C9A0F22C6A7BB400464ADC /* dog_water.mov */; };
		D4F770C72C77A3E5003C5447 /* VideoPlayerViewModel.swift in Sources */ = {isa = PBXBuildFile; fileRef = D4F770C62C77A3E5003C5447 /* VideoPlayerViewModel.swift */; };
/* End PBXBuildFile section */

/* Begin PBXFileReference section */
		D43BE4162BF1537200C1105E /* ritrok.app */ = {isa = PBXFileReference; explicitFileType = wrapper.application; includeInIndex = 0; path = ritrok.app; sourceTree = BUILT_PRODUCTS_DIR; };
		D43BE4192BF1537200C1105E /* ritrokApp.swift */ = {isa = PBXFileReference; lastKnownFileType = sourcecode.swift; path = ritrokApp.swift; sourceTree = "<group>"; };
		D43BE41B2BF1537200C1105E /* ContentView.swift */ = {isa = PBXFileReference; lastKnownFileType = sourcecode.swift; path = ContentView.swift; sourceTree = "<group>"; };
		D43BE41D2BF1537300C1105E /* Assets.xcassets */ = {isa = PBXFileReference; lastKnownFileType = folder.assetcatalog; path = Assets.xcassets; sourceTree = "<group>"; };
		D43BE4202BF1537300C1105E /* Preview Assets.xcassets */ = {isa = PBXFileReference; lastKnownFileType = folder.assetcatalog; path = "Preview Assets.xcassets"; sourceTree = "<group>"; };
		D4C9A0F02C6A793F00464ADC /* IMGLYAssets.bundle */ = {isa = PBXFileReference; lastKnownFileType = "wrapper.plug-in"; path = IMGLYAssets.bundle; sourceTree = "<group>"; };
		D4C9A0F22C6A7BB400464ADC /* dog_water.mov */ = {isa = PBXFileReference; lastKnownFileType = video.quicktime; path = dog_water.mov; sourceTree = "<group>"; };
		D4F770C62C77A3E5003C5447 /* VideoPlayerViewModel.swift */ = {isa = PBXFileReference; lastKnownFileType = sourcecode.swift; path = VideoPlayerViewModel.swift; sourceTree = "<group>"; };
/* End PBXFileReference section */

/* Begin PBXFrameworksBuildPhase section */
		D43BE4132BF1537200C1105E /* Frameworks */ = {
			isa = PBXFrameworksBuildPhase;
			buildActionMask = 2147483647;
			files = (
				D43BE4342BF19F9C00C1105E /* IMGLYUI in Frameworks */,
			);
			runOnlyForDeploymentPostprocessing = 0;
		};
/* End PBXFrameworksBuildPhase section */

/* Begin PBXGroup section */
		D43BE40D2BF1537200C1105E = {
			isa = PBXGroup;
			children = (
				D43BE4182BF1537200C1105E /* ritrok */,
				D43BE4172BF1537200C1105E /* Products */,
				D43BE42C2BF1552200C1105E /* Frameworks */,
			);
			sourceTree = "<group>";
		};
		D43BE4172BF1537200C1105E /* Products */ = {
			isa = PBXGroup;
			children = (
				D43BE4162BF1537200C1105E /* ritrok.app */,
			);
			name = Products;
			sourceTree = "<group>";
		};
		D43BE4182BF1537200C1105E /* ritrok */ = {
			isa = PBXGroup;
			children = (
				D4C9A0F02C6A793F00464ADC /* IMGLYAssets.bundle */,
				D43BE4192BF1537200C1105E /* ritrokApp.swift */,
				D43BE41B2BF1537200C1105E /* ContentView.swift */,
				D4F770C62C77A3E5003C5447 /* VideoPlayerViewModel.swift */,
				D4C9A0F22C6A7BB400464ADC /* dog_water.mov */,
				D43BE41D2BF1537300C1105E /* Assets.xcassets */,
				D43BE41F2BF1537300C1105E /* Preview Content */,
			);
			path = ritrok;
			sourceTree = "<group>";
		};
		D43BE41F2BF1537300C1105E /* Preview Content */ = {
			isa = PBXGroup;
			children = (
				D43BE4202BF1537300C1105E /* Preview Assets.xcassets */,
			);
			path = "Preview Content";
			sourceTree = "<group>";
		};
		D43BE42C2BF1552200C1105E /* Frameworks */ = {
			isa = PBXGroup;
			children = (
			);
			name = Frameworks;
			sourceTree = "<group>";
		};
/* End PBXGroup section */

/* Begin PBXNativeTarget section */
		D43BE4152BF1537200C1105E /* ritrok */ = {
			isa = PBXNativeTarget;
			buildConfigurationList = D43BE4242BF1537300C1105E /* Build configuration list for PBXNativeTarget "ritrok" */;
			buildPhases = (
				D43BE4122BF1537200C1105E /* Sources */,
				D43BE4132BF1537200C1105E /* Frameworks */,
				D43BE4142BF1537200C1105E /* Resources */,
			);
			buildRules = (
			);
			dependencies = (
			);
			name = ritrok;
			packageProductDependencies = (
				D43BE4332BF19F9C00C1105E /* IMGLYUI */,
			);
			productName = ritrok;
			productReference = D43BE4162BF1537200C1105E /* ritrok.app */;
			productType = "com.apple.product-type.application";
		};
/* End PBXNativeTarget section */

/* Begin PBXProject section */
		D43BE40E2BF1537200C1105E /* Project object */ = {
			isa = PBXProject;
			attributes = {
				BuildIndependentTargetsInParallel = 1;
				LastSwiftUpdateCheck = 1530;
				LastUpgradeCheck = 1530;
				TargetAttributes = {
					D43BE4152BF1537200C1105E = {
						CreatedOnToolsVersion = 15.3;
					};
				};
			};
			buildConfigurationList = D43BE4112BF1537200C1105E /* Build configuration list for PBXProject "ritrok" */;
			compatibilityVersion = "Xcode 14.0";
			developmentRegion = en;
			hasScannedForEncodings = 0;
			knownRegions = (
				en,
				Base,
			);
			mainGroup = D43BE40D2BF1537200C1105E;
			packageReferences = (
				D43BE4272BF1546500C1105E /* XCRemoteSwiftPackageReference "IMGLYUI-swift" */,
			);
			productRefGroup = D43BE4172BF1537200C1105E /* Products */;
			projectDirPath = "";
			projectRoot = "";
			targets = (
				D43BE4152BF1537200C1105E /* ritrok */,
			);
		};
/* End PBXProject section */

/* Begin PBXResourcesBuildPhase section */
		D43BE4142BF1537200C1105E /* Resources */ = {
			isa = PBXResourcesBuildPhase;
			buildActionMask = 2147483647;
			files = (
				D43BE4212BF1537300C1105E /* Preview Assets.xcassets in Resources */,
				D4C9A0F32C6A7BB400464ADC /* dog_water.mov in Resources */,
				D43BE41E2BF1537300C1105E /* Assets.xcassets in Resources */,
				D4C9A0F12C6A793F00464ADC /* IMGLYAssets.bundle in Resources */,
			);
			runOnlyForDeploymentPostprocessing = 0;
		};
/* End PBXResourcesBuildPhase section */

/* Begin PBXSourcesBuildPhase section */
		D43BE4122BF1537200C1105E /* Sources */ = {
			isa = PBXSourcesBuildPhase;
			buildActionMask = 2147483647;
			files = (
				D4F770C72C77A3E5003C5447 /* VideoPlayerViewModel.swift in Sources */,
				D43BE41C2BF1537200C1105E /* ContentView.swift in Sources */,
				D43BE41A2BF1537200C1105E /* ritrokApp.swift in Sources */,
			);
			runOnlyForDeploymentPostprocessing = 0;
		};
/* End PBXSourcesBuildPhase section */

/* Begin XCBuildConfiguration section */
		D43BE4222BF1537300C1105E /* Debug */ = {
			isa = XCBuildConfiguration;
			buildSettings = {
				ALWAYS_SEARCH_USER_PATHS = NO;
				ASSETCATALOG_COMPILER_GENERATE_SWIFT_ASSET_SYMBOL_EXTENSIONS = YES;
				CLANG_ANALYZER_NONNULL = YES;
				CLANG_ANALYZER_NUMBER_OBJECT_CONVERSION = YES_AGGRESSIVE;
				CLANG_CXX_LANGUAGE_STANDARD = "gnu++20";
				CLANG_ENABLE_MODULES = YES;
				CLANG_ENABLE_OBJC_ARC = YES;
				CLANG_ENABLE_OBJC_WEAK = YES;
				CLANG_WARN_BLOCK_CAPTURE_AUTORELEASING = YES;
				CLANG_WARN_BOOL_CONVERSION = YES;
				CLANG_WARN_COMMA = YES;
				CLANG_WARN_CONSTANT_CONVERSION = YES;
				CLANG_WARN_DEPRECATED_OBJC_IMPLEMENTATIONS = YES;
				CLANG_WARN_DIRECT_OBJC_ISA_USAGE = YES_ERROR;
				CLANG_WARN_DOCUMENTATION_COMMENTS = YES;
				CLANG_WARN_EMPTY_BODY = YES;
				CLANG_WARN_ENUM_CONVERSION = YES;
				CLANG_WARN_INFINITE_RECURSION = YES;
				CLANG_WARN_INT_CONVERSION = YES;
				CLANG_WARN_NON_LITERAL_NULL_CONVERSION = YES;
				CLANG_WARN_OBJC_IMPLICIT_RETAIN_SELF = YES;
				CLANG_WARN_OBJC_LITERAL_CONVERSION = YES;
				CLANG_WARN_OBJC_ROOT_CLASS = YES_ERROR;
				CLANG_WARN_QUOTED_INCLUDE_IN_FRAMEWORK_HEADER = YES;
				CLANG_WARN_RANGE_LOOP_ANALYSIS = YES;
				CLANG_WARN_STRICT_PROTOTYPES = YES;
				CLANG_WARN_SUSPICIOUS_MOVE = YES;
				CLANG_WARN_UNGUARDED_AVAILABILITY = YES_AGGRESSIVE;
				CLANG_WARN_UNREACHABLE_CODE = YES;
				CLANG_WARN__DUPLICATE_METHOD_MATCH = YES;
				COPY_PHASE_STRIP = NO;
				DEBUG_INFORMATION_FORMAT = dwarf;
				ENABLE_STRICT_OBJC_MSGSEND = YES;
				ENABLE_TESTABILITY = YES;
				ENABLE_USER_SCRIPT_SANDBOXING = YES;
				GCC_C_LANGUAGE_STANDARD = gnu17;
				GCC_DYNAMIC_NO_PIC = NO;
				GCC_NO_COMMON_BLOCKS = YES;
				GCC_OPTIMIZATION_LEVEL = 0;
				GCC_PREPROCESSOR_DEFINITIONS = (
					"DEBUG=1",
					"$(inherited)",
				);
				GCC_WARN_64_TO_32_BIT_CONVERSION = YES;
				GCC_WARN_ABOUT_RETURN_TYPE = YES_ERROR;
				GCC_WARN_UNDECLARED_SELECTOR = YES;
				GCC_WARN_UNINITIALIZED_AUTOS = YES_AGGRESSIVE;
				GCC_WARN_UNUSED_FUNCTION = YES;
				GCC_WARN_UNUSED_VARIABLE = YES;
				IPHONEOS_DEPLOYMENT_TARGET = 17.4;
				LOCALIZATION_PREFERS_STRING_CATALOGS = YES;
				MTL_ENABLE_DEBUG_INFO = INCLUDE_SOURCE;
				MTL_FAST_MATH = YES;
				ONLY_ACTIVE_ARCH = YES;
				SDKROOT = iphoneos;
				SWIFT_ACTIVE_COMPILATION_CONDITIONS = "DEBUG $(inherited)";
				SWIFT_OPTIMIZATION_LEVEL = "-Onone";
			};
			name = Debug;
		};
		D43BE4232BF1537300C1105E /* Release */ = {
			isa = XCBuildConfiguration;
			buildSettings = {
				ALWAYS_SEARCH_USER_PATHS = NO;
				ASSETCATALOG_COMPILER_GENERATE_SWIFT_ASSET_SYMBOL_EXTENSIONS = YES;
				CLANG_ANALYZER_NONNULL = YES;
				CLANG_ANALYZER_NUMBER_OBJECT_CONVERSION = YES_AGGRESSIVE;
				CLANG_CXX_LANGUAGE_STANDARD = "gnu++20";
				CLANG_ENABLE_MODULES = YES;
				CLANG_ENABLE_OBJC_ARC = YES;
				CLANG_ENABLE_OBJC_WEAK = YES;
				CLANG_WARN_BLOCK_CAPTURE_AUTORELEASING = YES;
				CLANG_WARN_BOOL_CONVERSION = YES;
				CLANG_WARN_COMMA = YES;
				CLANG_WARN_CONSTANT_CONVERSION = YES;
				CLANG_WARN_DEPRECATED_OBJC_IMPLEMENTATIONS = YES;
				CLANG_WARN_DIRECT_OBJC_ISA_USAGE = YES_ERROR;
				CLANG_WARN_DOCUMENTATION_COMMENTS = YES;
				CLANG_WARN_EMPTY_BODY = YES;
				CLANG_WARN_ENUM_CONVERSION = YES;
				CLANG_WARN_INFINITE_RECURSION = YES;
				CLANG_WARN_INT_CONVERSION = YES;
				CLANG_WARN_NON_LITERAL_NULL_CONVERSION = YES;
				CLANG_WARN_OBJC_IMPLICIT_RETAIN_SELF = YES;
				CLANG_WARN_OBJC_LITERAL_CONVERSION = YES;
				CLANG_WARN_OBJC_ROOT_CLASS = YES_ERROR;
				CLANG_WARN_QUOTED_INCLUDE_IN_FRAMEWORK_HEADER = YES;
				CLANG_WARN_RANGE_LOOP_ANALYSIS = YES;
				CLANG_WARN_STRICT_PROTOTYPES = YES;
				CLANG_WARN_SUSPICIOUS_MOVE = YES;
				CLANG_WARN_UNGUARDED_AVAILABILITY = YES_AGGRESSIVE;
				CLANG_WARN_UNREACHABLE_CODE = YES;
				CLANG_WARN__DUPLICATE_METHOD_MATCH = YES;
				COPY_PHASE_STRIP = NO;
				DEBUG_INFORMATION_FORMAT = "dwarf-with-dsym";
				ENABLE_NS_ASSERTIONS = NO;
				ENABLE_STRICT_OBJC_MSGSEND = YES;
				ENABLE_USER_SCRIPT_SANDBOXING = YES;
				GCC_C_LANGUAGE_STANDARD = gnu17;
				GCC_NO_COMMON_BLOCKS = YES;
				GCC_WARN_64_TO_32_BIT_CONVERSION = YES;
				GCC_WARN_ABOUT_RETURN_TYPE = YES_ERROR;
				GCC_WARN_UNDECLARED_SELECTOR = YES;
				GCC_WARN_UNINITIALIZED_AUTOS = YES_AGGRESSIVE;
				GCC_WARN_UNUSED_FUNCTION = YES;
				GCC_WARN_UNUSED_VARIABLE = YES;
				IPHONEOS_DEPLOYMENT_TARGET = 17.4;
				LOCALIZATION_PREFERS_STRING_CATALOGS = YES;
				MTL_ENABLE_DEBUG_INFO = NO;
				MTL_FAST_MATH = YES;
				SDKROOT = iphoneos;
				SWIFT_COMPILATION_MODE = wholemodule;
				VALIDATE_PRODUCT = YES;
			};
			name = Release;
		};
		D43BE4252BF1537300C1105E /* Debug */ = {
			isa = XCBuildConfiguration;
			buildSettings = {
				ASSETCATALOG_COMPILER_APPICON_NAME = AppIcon;
				ASSETCATALOG_COMPILER_GLOBAL_ACCENT_COLOR_NAME = AccentColor;
				CODE_SIGN_STYLE = Automatic;
				CURRENT_PROJECT_VERSION = 1;
				DEVELOPMENT_ASSET_PATHS = "\"ritrok/Preview Content\"";
				DEVELOPMENT_TEAM = "";
				ENABLE_PREVIEWS = YES;
				GENERATE_INFOPLIST_FILE = YES;
				INFOPLIST_KEY_NSCameraUsageDescription = "Lets you use the camera to record videos.";
				INFOPLIST_KEY_NSMicrophoneUsageDescription = "Lets you have audio in your videos.";
				INFOPLIST_KEY_UIApplicationSceneManifest_Generation = YES;
				INFOPLIST_KEY_UIApplicationSupportsIndirectInputEvents = YES;
				INFOPLIST_KEY_UILaunchScreen_Generation = YES;
				INFOPLIST_KEY_UISupportedInterfaceOrientations_iPad = "UIInterfaceOrientationPortrait UIInterfaceOrientationPortraitUpsideDown UIInterfaceOrientationLandscapeLeft UIInterfaceOrientationLandscapeRight";
				INFOPLIST_KEY_UISupportedInterfaceOrientations_iPhone = "UIInterfaceOrientationPortrait UIInterfaceOrientationLandscapeLeft UIInterfaceOrientationLandscapeRight";
				IPHONEOS_DEPLOYMENT_TARGET = 16.0;
				LD_RUNPATH_SEARCH_PATHS = (
					"$(inherited)",
					"@executable_path/Frameworks",
				);
				MARKETING_VERSION = 1.0;
				PRODUCT_BUNDLE_IDENTIFIER = com.example.ritrok;
				PRODUCT_NAME = "$(TARGET_NAME)";
				SUPPORTED_PLATFORMS = "iphoneos iphonesimulator";
				SUPPORTS_MACCATALYST = NO;
				SUPPORTS_MAC_DESIGNED_FOR_IPHONE_IPAD = NO;
				SUPPORTS_XR_DESIGNED_FOR_IPHONE_IPAD = NO;
				SWIFT_EMIT_LOC_STRINGS = YES;
				SWIFT_VERSION = 5.0;
				TARGETED_DEVICE_FAMILY = 1;
			};
			name = Debug;
		};
		D43BE4262BF1537300C1105E /* Release */ = {
			isa = XCBuildConfiguration;
			buildSettings = {
				ASSETCATALOG_COMPILER_APPICON_NAME = AppIcon;
				ASSETCATALOG_COMPILER_GLOBAL_ACCENT_COLOR_NAME = AccentColor;
				CODE_SIGN_STYLE = Automatic;
				CURRENT_PROJECT_VERSION = 1;
				DEVELOPMENT_ASSET_PATHS = "\"ritrok/Preview Content\"";
				DEVELOPMENT_TEAM = "";
				ENABLE_PREVIEWS = YES;
				GENERATE_INFOPLIST_FILE = YES;
				INFOPLIST_KEY_NSCameraUsageDescription = "Lets you use the camera to record videos.";
				INFOPLIST_KEY_NSMicrophoneUsageDescription = "Lets you have audio in your videos.";
				INFOPLIST_KEY_UIApplicationSceneManifest_Generation = YES;
				INFOPLIST_KEY_UIApplicationSupportsIndirectInputEvents = YES;
				INFOPLIST_KEY_UILaunchScreen_Generation = YES;
				INFOPLIST_KEY_UISupportedInterfaceOrientations_iPad = "UIInterfaceOrientationPortrait UIInterfaceOrientationPortraitUpsideDown UIInterfaceOrientationLandscapeLeft UIInterfaceOrientationLandscapeRight";
				INFOPLIST_KEY_UISupportedInterfaceOrientations_iPhone = "UIInterfaceOrientationPortrait UIInterfaceOrientationLandscapeLeft UIInterfaceOrientationLandscapeRight";
				IPHONEOS_DEPLOYMENT_TARGET = 16.0;
				LD_RUNPATH_SEARCH_PATHS = (
					"$(inherited)",
					"@executable_path/Frameworks",
				);
				MARKETING_VERSION = 1.0;
				PRODUCT_BUNDLE_IDENTIFIER = com.example.ritrok;
				PRODUCT_NAME = "$(TARGET_NAME)";
				SUPPORTED_PLATFORMS = "iphoneos iphonesimulator";
				SUPPORTS_MACCATALYST = NO;
				SUPPORTS_MAC_DESIGNED_FOR_IPHONE_IPAD = NO;
				SUPPORTS_XR_DESIGNED_FOR_IPHONE_IPAD = NO;
				SWIFT_EMIT_LOC_STRINGS = YES;
				SWIFT_VERSION = 5.0;
				TARGETED_DEVICE_FAMILY = 1;
			};
			name = Release;
		};
/* End XCBuildConfiguration section */

/* Begin XCConfigurationList section */
		D43BE4112BF1537200C1105E /* Build configuration list for PBXProject "ritrok" */ = {
			isa = XCConfigurationList;
			buildConfigurations = (
				D43BE4222BF1537300C1105E /* Debug */,
				D43BE4232BF1537300C1105E /* Release */,
			);
			defaultConfigurationIsVisible = 0;
			defaultConfigurationName = Release;
		};
		D43BE4242BF1537300C1105E /* Build configuration list for PBXNativeTarget "ritrok" */ = {
			isa = XCConfigurationList;
			buildConfigurations = (
				D43BE4252BF1537300C1105E /* Debug */,
				D43BE4262BF1537300C1105E /* Release */,
			);
			defaultConfigurationIsVisible = 0;
			defaultConfigurationName = Release;
		};
/* End XCConfigurationList section */

/* Begin XCRemoteSwiftPackageReference section */
		D43BE4272BF1546500C1105E /* XCRemoteSwiftPackageReference "IMGLYUI-swift" */ = {
			isa = XCRemoteSwiftPackageReference;
			repositoryURL = "https://github.com/imgly/IMGLYUI-swift";
			requirement = {
				kind = upToNextMajorVersion;
				minimumVersion = 1.26.0;
			};
		};
/* End XCRemoteSwiftPackageReference section */

/* Begin XCSwiftPackageProductDependency section */
		D43BE4332BF19F9C00C1105E /* IMGLYUI */ = {
			isa = XCSwiftPackageProductDependency;
			package = D43BE4272BF1546500C1105E /* XCRemoteSwiftPackageReference "IMGLYUI-swift" */;
			productName = IMGLYUI;
		};
/* End XCSwiftPackageProductDependency section */
	};
	rootObject = D43BE40E2BF1537200C1105E /* Project object */;
}
